
Microsoft Visual Studio Solution File, Format Version 12.00
# Visual Studio Version 17
VisualStudioVersion = 17.0.31903.59
MinimumVisualStudioVersion = 10.0.40219.1
Project("{2150E333-8FDC-42A3-9474-1A3956D46DE8}") = "Solution Items", "Solution Items", "{7EDA405C-0FBA-4714-856D-41BDAC3F378C}"
	ProjectSection(SolutionItems) = preProject
		.gitignore = .gitignore
	EndProjectSection
EndProject
Project("{2150E333-8FDC-42A3-9474-1A3956D46DE8}") = "src", "src", "{61375022-A765-4B5C-88BC-A90382796729}"
EndProject
Project("{FAE04EC0-301F-11D3-BF4B-00C04F79EFBC}") = "LibraryManagement.Domain", "src\LibraryManagement.Domain\LibraryManagement.Domain.csproj", "{FBCF74AA-8DF0-4B8C-91F2-1225924549D2}"
EndProject
Project("{FAE04EC0-301F-11D3-BF4B-00C04F79EFBC}") = "LibraryManagement.Infrastructure", "src\LibraryManagement.Infrastructure\LibraryManagement.Infrastructure.csproj", "{E9B039B7-9A86-4CB8-835E-A44377A1F888}"
EndProject
Project("{FAE04EC0-301F-11D3-BF4B-00C04F79EFBC}") = "LibraryManagement.Application", "src\LibraryManagement.Application\LibraryManagement.Application.csproj", "{4F6BA7C2-9273-494C-A189-5835600BD4A5}"
EndProject
Project("{FAE04EC0-301F-11D3-BF4B-00C04F79EFBC}") = "LibraryManagement.Client", "src\LibraryManagement.Client\LibraryManagement.Client.csproj", "{1AA9BDC9-3FE9-4C34-8A65-C1E03D7D77F3}"
EndProject
Global
	GlobalSection(SolutionConfigurationPlatforms) = preSolution
		Debug|Any CPU = Debug|Any CPU
		Release|Any CPU = Release|Any CPU
	EndGlobalSection
	GlobalSection(ProjectConfigurationPlatforms) = postSolution
		{FBCF74AA-8DF0-4B8C-91F2-1225924549D2}.Debug|Any CPU.ActiveCfg = Debug|Any CPU
		{FBCF74AA-8DF0-4B8C-91F2-1225924549D2}.Debug|Any CPU.Build.0 = Debug|Any CPU
		{FBCF74AA-8DF0-4B8C-91F2-1225924549D2}.Release|Any CPU.ActiveCfg = Release|Any CPU
		{FBCF74AA-8DF0-4B8C-91F2-1225924549D2}.Release|Any CPU.Build.0 = Release|Any CPU
		{E9B039B7-9A86-4CB8-835E-A44377A1F888}.Debug|Any CPU.ActiveCfg = Debug|Any CPU
		{E9B039B7-9A86-4CB8-835E-A44377A1F888}.Debug|Any CPU.Build.0 = Debug|Any CPU
		{E9B039B7-9A86-4CB8-835E-A44377A1F888}.Release|Any CPU.ActiveCfg = Release|Any CPU
		{E9B039B7-9A86-4CB8-835E-A44377A1F888}.Release|Any CPU.Build.0 = Release|Any CPU
		{4F6BA7C2-9273-494C-A189-5835600BD4A5}.Debug|Any CPU.ActiveCfg = Debug|Any CPU
		{4F6BA7C2-9273-494C-A189-5835600BD4A5}.Debug|Any CPU.Build.0 = Debug|Any CPU
		{4F6BA7C2-9273-494C-A189-5835600BD4A5}.Release|Any CPU.ActiveCfg = Release|Any CPU
		{4F6BA7C2-9273-494C-A189-5835600BD4A5}.Release|Any CPU.Build.0 = Release|Any CPU
		{1AA9BDC9-3FE9-4C34-8A65-C1E03D7D77F3}.Debug|Any CPU.ActiveCfg = Debug|Any CPU
		{1AA9BDC9-3FE9-4C34-8A65-C1E03D7D77F3}.Debug|Any CPU.Build.0 = Debug|Any CPU
		{1AA9BDC9-3FE9-4C34-8A65-C1E03D7D77F3}.Release|Any CPU.ActiveCfg = Release|Any CPU
		{1AA9BDC9-3FE9-4C34-8A65-C1E03D7D77F3}.Release|Any CPU.Build.0 = Release|Any CPU
	EndGlobalSection
	GlobalSection(SolutionProperties) = preSolution
		HideSolutionNode = FALSE
	EndGlobalSection
	GlobalSection(NestedProjects) = preSolution
		{FBCF74AA-8DF0-4B8C-91F2-1225924549D2} = {61375022-A765-4B5C-88BC-A90382796729}
		{E9B039B7-9A86-4CB8-835E-A44377A1F888} = {61375022-A765-4B5C-88BC-A90382796729}
		{4F6BA7C2-9273-494C-A189-5835600BD4A5} = {61375022-A765-4B5C-88BC-A90382796729}
		{1AA9BDC9-3FE9-4C34-8A65-C1E03D7D77F3} = {61375022-A765-4B5C-88BC-A90382796729}
	EndGlobalSection
	GlobalSection(ExtensibilityGlobals) = postSolution
		SolutionGuid = {92DD6777-2C53-4BC3-8F3C-84AB21813993}
	EndGlobalSection
EndGlobal
